
Microsoft Visual Studio Solution File, Format Version 12.00
# Visual Studio 15
VisualStudioVersion = 15.0.27703.2047
MinimumVisualStudioVersion = 10.0.40219.1
Project("{FAE04EC0-301F-11D3-BF4B-00C04F79EFBC}") = "practice1", "practice1\practice1.csproj", "{B8D02744-E06F-468C-8254-701B287C051B}"
EndProject
Global
	GlobalSection(SolutionConfigurationPlatforms) = preSolution
		Debug|Any CPU = Debug|Any CPU
		Release|Any CPU = Release|Any CPU
	EndGlobalSection
	GlobalSection(ProjectConfigurationPlatforms) = postSolution
		{B8D02744-E06F-468C-8254-701B287C051B}.Debug|Any CPU.ActiveCfg = Debug|Any CPU
		{B8D02744-E06F-468C-8254-701B287C051B}.Debug|Any CPU.Build.0 = Debug|Any CPU
		{B8D02744-E06F-468C-8254-701B287C051B}.Release|Any CPU.ActiveCfg = Release|Any CPU
		{B8D02744-E06F-468C-8254-701B287C051B}.Release|Any CPU.Build.0 = Release|Any CPU
	EndGlobalSection
	GlobalSection(SolutionProperties) = preSolution
		HideSolutionNode = FALSE
	EndGlobalSection
	GlobalSection(ExtensibilityGlobals) = postSolution
		SolutionGuid = {17B62ECA-ACE6-4D63-BCB8-BD6F2DAEA2C1}
	EndGlobalSection
EndGlobal
