
Microsoft Visual Studio Solution File, Format Version 12.00
# Visual Studio 15
VisualStudioVersion = 15.0.27703.2047
MinimumVisualStudioVersion = 10.0.40219.1
Project("{FAE04EC0-301F-11D3-BF4B-00C04F79EFBC}") = "API_Parsing", "API_Parsing\API_Parsing.csproj", "{2FAEFC34-E090-4F4F-AE10-420BEBF2FE95}"
EndProject
Global
	GlobalSection(SolutionConfigurationPlatforms) = preSolution
		Debug|Any CPU = Debug|Any CPU
		Release|Any CPU = Release|Any CPU
	EndGlobalSection
	GlobalSection(ProjectConfigurationPlatforms) = postSolution
		{2FAEFC34-E090-4F4F-AE10-420BEBF2FE95}.Debug|Any CPU.ActiveCfg = Debug|Any CPU
		{2FAEFC34-E090-4F4F-AE10-420BEBF2FE95}.Debug|Any CPU.Build.0 = Debug|Any CPU
		{2FAEFC34-E090-4F4F-AE10-420BEBF2FE95}.Release|Any CPU.ActiveCfg = Release|Any CPU
		{2FAEFC34-E090-4F4F-AE10-420BEBF2FE95}.Release|Any CPU.Build.0 = Release|Any CPU
	EndGlobalSection
	GlobalSection(SolutionProperties) = preSolution
		HideSolutionNode = FALSE
	EndGlobalSection
	GlobalSection(ExtensibilityGlobals) = postSolution
		SolutionGuid = {3ECF8D57-A400-4788-A19A-58660FA00AE3}
	EndGlobalSection
EndGlobal
